
Microsoft Visual Studio Solution File, Format Version 12.00
# Visual Studio Version 17
VisualStudioVersion = 17.14.36414.22 d17.14
MinimumVisualStudioVersion = 10.0.40219.1
Project("{FAE04EC0-301F-11D3-BF4B-00C04F79EFBC}") = "BaiTest_NguyenTienPhong_SQL", "BaiTest_NguyenTienPhong_SQL\BaiTest_NguyenTienPhong_SQL.csproj", "{FF34C61C-8198-4760-818B-BA0744E174BA}"
EndProject
Global
	GlobalSection(SolutionConfigurationPlatforms) = preSolution
		Debug|Any CPU = Debug|Any CPU
		Release|Any CPU = Release|Any CPU
	EndGlobalSection
	GlobalSection(ProjectConfigurationPlatforms) = postSolution
		{FF34C61C-8198-4760-818B-BA0744E174BA}.Debug|Any CPU.ActiveCfg = Debug|Any CPU
		{FF34C61C-8198-4760-818B-BA0744E174BA}.Debug|Any CPU.Build.0 = Debug|Any CPU
		{FF34C61C-8198-4760-818B-BA0744E174BA}.Release|Any CPU.ActiveCfg = Release|Any CPU
		{FF34C61C-8198-4760-818B-BA0744E174BA}.Release|Any CPU.Build.0 = Release|Any CPU
	EndGlobalSection
	GlobalSection(SolutionProperties) = preSolution
		HideSolutionNode = FALSE
	EndGlobalSection
	GlobalSection(ExtensibilityGlobals) = postSolution
		SolutionGuid = {FB4D3D3D-5903-4BA9-AFBD-244BD5ACD739}
	EndGlobalSection
EndGlobal
